
Microsoft Visual Studio Solution File, Format Version 12.00
# Visual Studio 15
VisualStudioVersion = 15.0.28307.329
MinimumVisualStudioVersion = 10.0.40219.1
Project("{FAE04EC0-301F-11D3-BF4B-00C04F79EFBC}") = "Bottom.Android", "Bottom\Bottom.Android\Bottom.Android.csproj", "{24CE3C36-16B9-426D-AA0C-5961ECF8D88C}"
EndProject
Project("{FAE04EC0-301F-11D3-BF4B-00C04F79EFBC}") = "Bottom.iOS", "Bottom\Bottom.iOS\Bottom.iOS.csproj", "{A244D754-B1CE-46FC-836E-20C2CBA3B670}"
EndProject
Project("{9A19103F-16F7-4668-BE54-9A1E7A4F7556}") = "Bottom", "Bottom\Bottom\Bottom.csproj", "{D67F7640-465F-4B00-ADE7-C0B13CDADBBA}"
EndProject
Project("{2150E333-8FDC-42A3-9474-1A3956D46DE8}") = "Art", "Art", "{01BBC476-05B3-43B5-92F3-9A6047F3440E}"
	ProjectSection(SolutionItems) = preProject
		Art\pero-udachi-large.jpg = Art\pero-udachi-large.jpg
	EndProjectSection
EndProject
Global
	GlobalSection(SolutionConfigurationPlatforms) = preSolution
		Debug|Any CPU = Debug|Any CPU
		Debug|iPhone = Debug|iPhone
		Debug|iPhoneSimulator = Debug|iPhoneSimulator
		Release|Any CPU = Release|Any CPU
		Release|iPhone = Release|iPhone
		Release|iPhoneSimulator = Release|iPhoneSimulator
	EndGlobalSection
	GlobalSection(ProjectConfigurationPlatforms) = postSolution
		{24CE3C36-16B9-426D-AA0C-5961ECF8D88C}.Debug|Any CPU.ActiveCfg = Debug|Any CPU
		{24CE3C36-16B9-426D-AA0C-5961ECF8D88C}.Debug|Any CPU.Build.0 = Debug|Any CPU
		{24CE3C36-16B9-426D-AA0C-5961ECF8D88C}.Debug|Any CPU.Deploy.0 = Debug|Any CPU
		{24CE3C36-16B9-426D-AA0C-5961ECF8D88C}.Debug|iPhone.ActiveCfg = Debug|Any CPU
		{24CE3C36-16B9-426D-AA0C-5961ECF8D88C}.Debug|iPhone.Build.0 = Debug|Any CPU
		{24CE3C36-16B9-426D-AA0C-5961ECF8D88C}.Debug|iPhone.Deploy.0 = Debug|Any CPU
		{24CE3C36-16B9-426D-AA0C-5961ECF8D88C}.Debug|iPhoneSimulator.ActiveCfg = Debug|Any CPU
		{24CE3C36-16B9-426D-AA0C-5961ECF8D88C}.Debug|iPhoneSimulator.Build.0 = Debug|Any CPU
		{24CE3C36-16B9-426D-AA0C-5961ECF8D88C}.Debug|iPhoneSimulator.Deploy.0 = Debug|Any CPU
		{24CE3C36-16B9-426D-AA0C-5961ECF8D88C}.Release|Any CPU.ActiveCfg = Release|Any CPU
		{24CE3C36-16B9-426D-AA0C-5961ECF8D88C}.Release|Any CPU.Build.0 = Release|Any CPU
		{24CE3C36-16B9-426D-AA0C-5961ECF8D88C}.Release|Any CPU.Deploy.0 = Release|Any CPU
		{24CE3C36-16B9-426D-AA0C-5961ECF8D88C}.Release|iPhone.ActiveCfg = Release|Any CPU
		{24CE3C36-16B9-426D-AA0C-5961ECF8D88C}.Release|iPhone.Build.0 = Release|Any CPU
		{24CE3C36-16B9-426D-AA0C-5961ECF8D88C}.Release|iPhone.Deploy.0 = Release|Any CPU
		{24CE3C36-16B9-426D-AA0C-5961ECF8D88C}.Release|iPhoneSimulator.ActiveCfg = Release|Any CPU
		{24CE3C36-16B9-426D-AA0C-5961ECF8D88C}.Release|iPhoneSimulator.Build.0 = Release|Any CPU
		{24CE3C36-16B9-426D-AA0C-5961ECF8D88C}.Release|iPhoneSimulator.Deploy.0 = Release|Any CPU
		{A244D754-B1CE-46FC-836E-20C2CBA3B670}.Debug|Any CPU.ActiveCfg = Debug|iPhoneSimulator
		{A244D754-B1CE-46FC-836E-20C2CBA3B670}.Debug|Any CPU.Build.0 = Debug|iPhoneSimulator
		{A244D754-B1CE-46FC-836E-20C2CBA3B670}.Debug|Any CPU.Deploy.0 = Debug|iPhoneSimulator
		{A244D754-B1CE-46FC-836E-20C2CBA3B670}.Debug|iPhone.ActiveCfg = Debug|iPhone
		{A244D754-B1CE-46FC-836E-20C2CBA3B670}.Debug|iPhone.Build.0 = Debug|iPhone
		{A244D754-B1CE-46FC-836E-20C2CBA3B670}.Debug|iPhone.Deploy.0 = Debug|iPhone
		{A244D754-B1CE-46FC-836E-20C2CBA3B670}.Debug|iPhoneSimulator.ActiveCfg = Debug|iPhoneSimulator
		{A244D754-B1CE-46FC-836E-20C2CBA3B670}.Debug|iPhoneSimulator.Build.0 = Debug|iPhoneSimulator
		{A244D754-B1CE-46FC-836E-20C2CBA3B670}.Debug|iPhoneSimulator.Deploy.0 = Debug|iPhoneSimulator
		{A244D754-B1CE-46FC-836E-20C2CBA3B670}.Release|Any CPU.ActiveCfg = Release|iPhone
		{A244D754-B1CE-46FC-836E-20C2CBA3B670}.Release|Any CPU.Build.0 = Release|iPhone
		{A244D754-B1CE-46FC-836E-20C2CBA3B670}.Release|Any CPU.Deploy.0 = Release|iPhone
		{A244D754-B1CE-46FC-836E-20C2CBA3B670}.Release|iPhone.ActiveCfg = Release|iPhone
		{A244D754-B1CE-46FC-836E-20C2CBA3B670}.Release|iPhone.Build.0 = Release|iPhone
		{A244D754-B1CE-46FC-836E-20C2CBA3B670}.Release|iPhone.Deploy.0 = Release|iPhone
		{A244D754-B1CE-46FC-836E-20C2CBA3B670}.Release|iPhoneSimulator.ActiveCfg = Release|iPhoneSimulator
		{A244D754-B1CE-46FC-836E-20C2CBA3B670}.Release|iPhoneSimulator.Build.0 = Release|iPhoneSimulator
		{A244D754-B1CE-46FC-836E-20C2CBA3B670}.Release|iPhoneSimulator.Deploy.0 = Release|iPhoneSimulator
		{D67F7640-465F-4B00-ADE7-C0B13CDADBBA}.Debug|Any CPU.ActiveCfg = Debug|Any CPU
		{D67F7640-465F-4B00-ADE7-C0B13CDADBBA}.Debug|Any CPU.Build.0 = Debug|Any CPU
		{D67F7640-465F-4B00-ADE7-C0B13CDADBBA}.Debug|Any CPU.Deploy.0 = Debug|Any CPU
		{D67F7640-465F-4B00-ADE7-C0B13CDADBBA}.Debug|iPhone.ActiveCfg = Debug|Any CPU
		{D67F7640-465F-4B00-ADE7-C0B13CDADBBA}.Debug|iPhone.Build.0 = Debug|Any CPU
		{D67F7640-465F-4B00-ADE7-C0B13CDADBBA}.Debug|iPhone.Deploy.0 = Debug|Any CPU
		{D67F7640-465F-4B00-ADE7-C0B13CDADBBA}.Debug|iPhoneSimulator.ActiveCfg = Debug|Any CPU
		{D67F7640-465F-4B00-ADE7-C0B13CDADBBA}.Debug|iPhoneSimulator.Build.0 = Debug|Any CPU
		{D67F7640-465F-4B00-ADE7-C0B13CDADBBA}.Debug|iPhoneSimulator.Deploy.0 = Debug|Any CPU
		{D67F7640-465F-4B00-ADE7-C0B13CDADBBA}.Release|Any CPU.ActiveCfg = Release|Any CPU
		{D67F7640-465F-4B00-ADE7-C0B13CDADBBA}.Release|Any CPU.Build.0 = Release|Any CPU
		{D67F7640-465F-4B00-ADE7-C0B13CDADBBA}.Release|Any CPU.Deploy.0 = Release|Any CPU
		{D67F7640-465F-4B00-ADE7-C0B13CDADBBA}.Release|iPhone.ActiveCfg = Release|Any CPU
		{D67F7640-465F-4B00-ADE7-C0B13CDADBBA}.Release|iPhone.Build.0 = Release|Any CPU
		{D67F7640-465F-4B00-ADE7-C0B13CDADBBA}.Release|iPhone.Deploy.0 = Release|Any CPU
		{D67F7640-465F-4B00-ADE7-C0B13CDADBBA}.Release|iPhoneSimulator.ActiveCfg = Release|Any CPU
		{D67F7640-465F-4B00-ADE7-C0B13CDADBBA}.Release|iPhoneSimulator.Build.0 = Release|Any CPU
		{D67F7640-465F-4B00-ADE7-C0B13CDADBBA}.Release|iPhoneSimulator.Deploy.0 = Release|Any CPU
	EndGlobalSection
	GlobalSection(SolutionProperties) = preSolution
		HideSolutionNode = FALSE
	EndGlobalSection
	GlobalSection(ExtensibilityGlobals) = postSolution
		SolutionGuid = {29D6E46E-5D69-46C6-A564-549EA66A7876}
	EndGlobalSection
EndGlobal
